
Microsoft Visual Studio Solution File, Format Version 12.00
# Visual Studio Version 17
VisualStudioVersion = 17.0.31903.59
MinimumVisualStudioVersion = 10.0.40219.1
Project("{FAE04EC0-301F-11D3-BF4B-00C04F79EFBC}") = "sunflower.kms.api", "sunflower.kms.api\sunflower.kms.api.csproj", "{496BAD5F-A045-4145-BD35-CFCD9570059B}"
EndProject
Project("{FAE04EC0-301F-11D3-BF4B-00C04F79EFBC}") = "sunflower.kms.application", "sunflower.kms.application\sunflower.kms.application.csproj", "{862BADF5-CAEE-4AF8-9F61-7C1C892A4996}"
EndProject
Project("{FAE04EC0-301F-11D3-BF4B-00C04F79EFBC}") = "sunflower.kms.domain", "sunflower.kms.domain\sunflower.kms.domain.csproj", "{B5D03796-59A8-4F21-BAC4-EC5B2D9BDA8D}"
EndProject
Project("{FAE04EC0-301F-11D3-BF4B-00C04F79EFBC}") = "sunflower.kms.infrastructure", "sunflower.kms.infrastructure\sunflower.kms.infrastructure.csproj", "{D1935F15-1424-4A69-90E6-F149DA55BD3B}"
EndProject
Project("{FAE04EC0-301F-11D3-BF4B-00C04F79EFBC}") = "sunflower.kms.shared", "sunflower.kms.shared\sunflower.kms.shared.csproj", "{FA1A103C-D44A-42DC-ACE6-D3C1E7AADF60}"
EndProject
Project("{FAE04EC0-301F-11D3-BF4B-00C04F79EFBC}") = "sunflower.kms.tests", "sunflower.kms.tests\sunflower.kms.tests.csproj", "{F330C9D1-71D4-4F65-8544-D37754930359}"
EndProject
Global
	GlobalSection(SolutionConfigurationPlatforms) = preSolution
		Debug|Any CPU = Debug|Any CPU
		Release|Any CPU = Release|Any CPU
	EndGlobalSection
	GlobalSection(SolutionProperties) = preSolution
		HideSolutionNode = FALSE
	EndGlobalSection
	GlobalSection(ProjectConfigurationPlatforms) = postSolution
		{496BAD5F-A045-4145-BD35-CFCD9570059B}.Debug|Any CPU.ActiveCfg = Debug|Any CPU
		{496BAD5F-A045-4145-BD35-CFCD9570059B}.Debug|Any CPU.Build.0 = Debug|Any CPU
		{496BAD5F-A045-4145-BD35-CFCD9570059B}.Release|Any CPU.ActiveCfg = Release|Any CPU
		{496BAD5F-A045-4145-BD35-CFCD9570059B}.Release|Any CPU.Build.0 = Release|Any CPU
		{862BADF5-CAEE-4AF8-9F61-7C1C892A4996}.Debug|Any CPU.ActiveCfg = Debug|Any CPU
		{862BADF5-CAEE-4AF8-9F61-7C1C892A4996}.Debug|Any CPU.Build.0 = Debug|Any CPU
		{862BADF5-CAEE-4AF8-9F61-7C1C892A4996}.Release|Any CPU.ActiveCfg = Release|Any CPU
		{862BADF5-CAEE-4AF8-9F61-7C1C892A4996}.Release|Any CPU.Build.0 = Release|Any CPU
		{B5D03796-59A8-4F21-BAC4-EC5B2D9BDA8D}.Debug|Any CPU.ActiveCfg = Debug|Any CPU
		{B5D03796-59A8-4F21-BAC4-EC5B2D9BDA8D}.Debug|Any CPU.Build.0 = Debug|Any CPU
		{B5D03796-59A8-4F21-BAC4-EC5B2D9BDA8D}.Release|Any CPU.ActiveCfg = Release|Any CPU
		{B5D03796-59A8-4F21-BAC4-EC5B2D9BDA8D}.Release|Any CPU.Build.0 = Release|Any CPU
		{D1935F15-1424-4A69-90E6-F149DA55BD3B}.Debug|Any CPU.ActiveCfg = Debug|Any CPU
		{D1935F15-1424-4A69-90E6-F149DA55BD3B}.Debug|Any CPU.Build.0 = Debug|Any CPU
		{D1935F15-1424-4A69-90E6-F149DA55BD3B}.Release|Any CPU.ActiveCfg = Release|Any CPU
		{D1935F15-1424-4A69-90E6-F149DA55BD3B}.Release|Any CPU.Build.0 = Release|Any CPU
		{FA1A103C-D44A-42DC-ACE6-D3C1E7AADF60}.Debug|Any CPU.ActiveCfg = Debug|Any CPU
		{FA1A103C-D44A-42DC-ACE6-D3C1E7AADF60}.Debug|Any CPU.Build.0 = Debug|Any CPU
		{FA1A103C-D44A-42DC-ACE6-D3C1E7AADF60}.Release|Any CPU.ActiveCfg = Release|Any CPU
		{FA1A103C-D44A-42DC-ACE6-D3C1E7AADF60}.Release|Any CPU.Build.0 = Release|Any CPU
		{F330C9D1-71D4-4F65-8544-D37754930359}.Debug|Any CPU.ActiveCfg = Debug|Any CPU
		{F330C9D1-71D4-4F65-8544-D37754930359}.Debug|Any CPU.Build.0 = Debug|Any CPU
		{F330C9D1-71D4-4F65-8544-D37754930359}.Release|Any CPU.ActiveCfg = Release|Any CPU
		{F330C9D1-71D4-4F65-8544-D37754930359}.Release|Any CPU.Build.0 = Release|Any CPU
	EndGlobalSection
EndGlobal
